// !$*UTF8*$!
{
	archiveVersion = 1;
	classes = {
	};
	objectVersion = 77;
	objects = {

/* Begin PBXContainerItemProxy section */
		6261F2402E61B3B800E3DB14 /* PBXContainerItemProxy */ = {
			isa = PBXContainerItemProxy;
			containerPortal = 6261F22A2E61B3B500E3DB14 /* Project object */;
			proxyType = 1;
			remoteGlobalIDString = 6261F2312E61B3B500E3DB14;
			remoteInfo = TrLOTRConverter;
		};
		6261F24A2E61B3B800E3DB14 /* PBXContainerItemProxy */ = {
			isa = PBXContainerItemProxy;
			containerPortal = 6261F22A2E61B3B500E3DB14 /* Project object */;
			proxyType = 1;
			remoteGlobalIDString = 6261F2312E61B3B500E3DB14;
			remoteInfo = TrLOTRConverter;
		};
/* End PBXContainerItemProxy section */

/* Begin PBXFileReference section */
		6261F2322E61B3B500E3DB14 /* TrLOTRConverter.app */ = {isa = PBXFileReference; explicitFileType = wrapper.application; includeInIndex = 0; path = TrLOTRConverter.app; sourceTree = BUILT_PRODUCTS_DIR; };
		6261F23F2E61B3B800E3DB14 /* TrLOTRConverterTests.xctest */ = {isa = PBXFileReference; explicitFileType = wrapper.cfbundle; includeInIndex = 0; path = TrLOTRConverterTests.xctest; sourceTree = BUILT_PRODUCTS_DIR; };
		6261F2492E61B3B800E3DB14 /* TrLOTRConverterUITests.xctest */ = {isa = PBXFileReference; explicitFileType = wrapper.cfbundle; includeInIndex = 0; path = TrLOTRConverterUITests.xctest; sourceTree = BUILT_PRODUCTS_DIR; };
/* End PBXFileReference section */

/* Begin PBXFileSystemSynchronizedRootGroup section */
		6261F2342E61B3B500E3DB14 /* TrLOTRConverter */ = {
			isa = PBXFileSystemSynchronizedRootGroup;
			path = TrLOTRConverter;
			sourceTree = "<group>";
		};
		6261F2422E61B3B800E3DB14 /* TrLOTRConverterTests */ = {
			isa = PBXFileSystemSynchronizedRootGroup;
			path = TrLOTRConverterTests;
			sourceTree = "<group>";
		};
		6261F24C2E61B3B800E3DB14 /* TrLOTRConverterUITests */ = {
			isa = PBXFileSystemSynchronizedRootGroup;
			path = TrLOTRConverterUITests;
			sourceTree = "<group>";
		};
/* End PBXFileSystemSynchronizedRootGroup section */

/* Begin PBXFrameworksBuildPhase section */
		6261F22F2E61B3B500E3DB14 /* Frameworks */ = {
			isa = PBXFrameworksBuildPhase;
			buildActionMask = 2147483647;
			files = (
			);
			runOnlyForDeploymentPostprocessing = 0;
		};
		6261F23C2E61B3B800E3DB14 /* Frameworks */ = {
			isa = PBXFrameworksBuildPhase;
			buildActionMask = 2147483647;
			files = (
			);
			runOnlyForDeploymentPostprocessing = 0;
		};
		6261F2462E61B3B800E3DB14 /* Frameworks */ = {
			isa = PBXFrameworksBuildPhase;
			buildActionMask = 2147483647;
			files = (
			);
			runOnlyForDeploymentPostprocessing = 0;
		};
/* End PBXFrameworksBuildPhase section */

/* Begin PBXGroup section */
		6261F2292E61B3B500E3DB14 = {
			isa = PBXGroup;
			children = (
				6261F2342E61B3B500E3DB14 /* TrLOTRConverter */,
				6261F2422E61B3B800E3DB14 /* TrLOTRConverterTests */,
				6261F24C2E61B3B800E3DB14 /* TrLOTRConverterUITests */,
				6261F2332E61B3B500E3DB14 /* Products */,
			);
			sourceTree = "<group>";
		};
		6261F2332E61B3B500E3DB14 /* Products */ = {
			isa = PBXGroup;
			children = (
				6261F2322E61B3B500E3DB14 /* TrLOTRConverter.app */,
				6261F23F2E61B3B800E3DB14 /* TrLOTRConverterTests.xctest */,
				6261F2492E61B3B800E3DB14 /* TrLOTRConverterUITests.xctest */,
			);
			name = Products;
			sourceTree = "<group>";
		};
/* End PBXGroup section */

/* Begin PBXNativeTarget section */
		6261F2312E61B3B500E3DB14 /* TrLOTRConverter */ = {
			isa = PBXNativeTarget;
			buildConfigurationList = 6261F2532E61B3B800E3DB14 /* Build configuration list for PBXNativeTarget "TrLOTRConverter" */;
			buildPhases = (
				6261F22E2E61B3B500E3DB14 /* Sources */,
				6261F22F2E61B3B500E3DB14 /* Frameworks */,
				6261F2302E61B3B500E3DB14 /* Resources */,
			);
			buildRules = (
			);
			dependencies = (
			);
			fileSystemSynchronizedGroups = (
				6261F2342E61B3B500E3DB14 /* TrLOTRConverter */,
			);
			name = TrLOTRConverter;
			packageProductDependencies = (
			);
			productName = TrLOTRConverter;
			productReference = 6261F2322E61B3B500E3DB14 /* TrLOTRConverter.app */;
			productType = "com.apple.product-type.application";
		};
		6261F23E2E61B3B800E3DB14 /* TrLOTRConverterTests */ = {
			isa = PBXNativeTarget;
			buildConfigurationList = 6261F2562E61B3B800E3DB14 /* Build configuration list for PBXNativeTarget "TrLOTRConverterTests" */;
			buildPhases = (
				6261F23B2E61B3B800E3DB14 /* Sources */,
				6261F23C2E61B3B800E3DB14 /* Frameworks */,
				6261F23D2E61B3B800E3DB14 /* Resources */,
			);
			buildRules = (
			);
			dependencies = (
				6261F2412E61B3B800E3DB14 /* PBXTargetDependency */,
			);
			fileSystemSynchronizedGroups = (
				6261F2422E61B3B800E3DB14 /* TrLOTRConverterTests */,
			);
			name = TrLOTRConverterTests;
			packageProductDependencies = (
			);
			productName = TrLOTRConverterTests;
			productReference = 6261F23F2E61B3B800E3DB14 /* TrLOTRConverterTests.xctest */;
			productType = "com.apple.product-type.bundle.unit-test";
		};
		6261F2482E61B3B800E3DB14 /* TrLOTRConverterUITests */ = {
			isa = PBXNativeTarget;
			buildConfigurationList = 6261F2592E61B3B800E3DB14 /* Build configuration list for PBXNativeTarget "TrLOTRConverterUITests" */;
			buildPhases = (
				6261F2452E61B3B800E3DB14 /* Sources */,
				6261F2462E61B3B800E3DB14 /* Frameworks */,
				6261F2472E61B3B800E3DB14 /* Resources */,
			);
			buildRules = (
			);
			dependencies = (
				6261F24B2E61B3B800E3DB14 /* PBXTargetDependency */,
			);
			fileSystemSynchronizedGroups = (
				6261F24C2E61B3B800E3DB14 /* TrLOTRConverterUITests */,
			);
			name = TrLOTRConverterUITests;
			packageProductDependencies = (
			);
			productName = TrLOTRConverterUITests;
			productReference = 6261F2492E61B3B800E3DB14 /* TrLOTRConverterUITests.xctest */;
			productType = "com.apple.product-type.bundle.ui-testing";
		};
/* End PBXNativeTarget section */

/* Begin PBXProject section */
		6261F22A2E61B3B500E3DB14 /* Project object */ = {
			isa = PBXProject;
			attributes = {
				BuildIndependentTargetsInParallel = 1;
				LastSwiftUpdateCheck = 1630;
				LastUpgradeCheck = 1630;
				TargetAttributes = {
					6261F2312E61B3B500E3DB14 = {
						CreatedOnToolsVersion = 16.3;
					};
					6261F23E2E61B3B800E3DB14 = {
						CreatedOnToolsVersion = 16.3;
						TestTargetID = 6261F2312E61B3B500E3DB14;
					};
					6261F2482E61B3B800E3DB14 = {
						CreatedOnToolsVersion = 16.3;
						TestTargetID = 6261F2312E61B3B500E3DB14;
					};
				};
			};
			buildConfigurationList = 6261F22D2E61B3B500E3DB14 /* Build configuration list for PBXProject "TrLOTRConverter" */;
			developmentRegion = en;
			hasScannedForEncodings = 0;
			knownRegions = (
				en,
				Base,
			);
			mainGroup = 6261F2292E61B3B500E3DB14;
			minimizedProjectReferenceProxies = 1;
			preferredProjectObjectVersion = 77;
			productRefGroup = 6261F2332E61B3B500E3DB14 /* Products */;
			projectDirPath = "";
			projectRoot = "";
			targets = (
				6261F2312E61B3B500E3DB14 /* TrLOTRConverter */,
				6261F23E2E61B3B800E3DB14 /* TrLOTRConverterTests */,
				6261F2482E61B3B800E3DB14 /* TrLOTRConverterUITests */,
			);
		};
/* End PBXProject section */

/* Begin PBXResourcesBuildPhase section */
		6261F2302E61B3B500E3DB14 /* Resources */ = {
			isa = PBXResourcesBuildPhase;
			buildActionMask = 2147483647;
			files = (
			);
			runOnlyForDeploymentPostprocessing = 0;
		};
		6261F23D2E61B3B800E3DB14 /* Resources */ = {
			isa = PBXResourcesBuildPhase;
			buildActionMask = 2147483647;
			files = (
			);
			runOnlyForDeploymentPostprocessing = 0;
		};
		6261F2472E61B3B800E3DB14 /* Resources */ = {
			isa = PBXResourcesBuildPhase;
			buildActionMask = 2147483647;
			files = (
			);
			runOnlyForDeploymentPostprocessing = 0;
		};
/* End PBXResourcesBuildPhase section */

/* Begin PBXSourcesBuildPhase section */
		6261F22E2E61B3B500E3DB14 /* Sources */ = {
			isa = PBXSourcesBuildPhase;
			buildActionMask = 2147483647;
			files = (
			);
			runOnlyForDeploymentPostprocessing = 0;
		};
		6261F23B2E61B3B800E3DB14 /* Sources */ = {
			isa = PBXSourcesBuildPhase;
			buildActionMask = 2147483647;
			files = (
			);
			runOnlyForDeploymentPostprocessing = 0;
		};
		6261F2452E61B3B800E3DB14 /* Sources */ = {
			isa = PBXSourcesBuildPhase;
			buildActionMask = 2147483647;
			files = (
			);
			runOnlyForDeploymentPostprocessing = 0;
		};
/* End PBXSourcesBuildPhase section */

/* Begin PBXTargetDependency section */
		6261F2412E61B3B800E3DB14 /* PBXTargetDependency */ = {
			isa = PBXTargetDependency;
			target = 6261F2312E61B3B500E3DB14 /* TrLOTRConverter */;
			targetProxy = 6261F2402E61B3B800E3DB14 /* PBXContainerItemProxy */;
		};
		6261F24B2E61B3B800E3DB14 /* PBXTargetDependency */ = {
			isa = PBXTargetDependency;
			target = 6261F2312E61B3B500E3DB14 /* TrLOTRConverter */;
			targetProxy = 6261F24A2E61B3B800E3DB14 /* PBXContainerItemProxy */;
		};
/* End PBXTargetDependency section */

/* Begin XCBuildConfiguration section */
		6261F2512E61B3B800E3DB14 /* Debug */ = {
			isa = XCBuildConfiguration;
			buildSettings = {
				ALWAYS_SEARCH_USER_PATHS = NO;
				ASSETCATALOG_COMPILER_GENERATE_SWIFT_ASSET_SYMBOL_EXTENSIONS = YES;
				CLANG_ANALYZER_NONNULL = YES;
				CLANG_ANALYZER_NUMBER_OBJECT_CONVERSION = YES_AGGRESSIVE;
				CLANG_CXX_LANGUAGE_STANDARD = "gnu++20";
				CLANG_ENABLE_MODULES = YES;
				CLANG_ENABLE_OBJC_ARC = YES;
				CLANG_ENABLE_OBJC_WEAK = YES;
				CLANG_WARN_BLOCK_CAPTURE_AUTORELEASING = YES;
				CLANG_WARN_BOOL_CONVERSION = YES;
				CLANG_WARN_COMMA = YES;
				CLANG_WARN_CONSTANT_CONVERSION = YES;
				CLANG_WARN_DEPRECATED_OBJC_IMPLEMENTATIONS = YES;
				CLANG_WARN_DIRECT_OBJC_ISA_USAGE = YES_ERROR;
				CLANG_WARN_DOCUMENTATION_COMMENTS = YES;
				CLANG_WARN_EMPTY_BODY = YES;
				CLANG_WARN_ENUM_CONVERSION = YES;
				CLANG_WARN_INFINITE_RECURSION = YES;
				CLANG_WARN_INT_CONVERSION = YES;
				CLANG_WARN_NON_LITERAL_NULL_CONVERSION = YES;
				CLANG_WARN_OBJC_IMPLICIT_RETAIN_SELF = YES;
				CLANG_WARN_OBJC_LITERAL_CONVERSION = YES;
				CLANG_WARN_OBJC_ROOT_CLASS = YES_ERROR;
				CLANG_WARN_QUOTED_INCLUDE_IN_FRAMEWORK_HEADER = YES;
				CLANG_WARN_RANGE_LOOP_ANALYSIS = YES;
				CLANG_WARN_STRICT_PROTOTYPES = YES;
				CLANG_WARN_SUSPICIOUS_MOVE = YES;
				CLANG_WARN_UNGUARDED_AVAILABILITY = YES_AGGRESSIVE;
				CLANG_WARN_UNREACHABLE_CODE = YES;
				CLANG_WARN__DUPLICATE_METHOD_MATCH = YES;
				COPY_PHASE_STRIP = NO;
				DEBUG_INFORMATION_FORMAT = dwarf;
				DEVELOPMENT_TEAM = VGEXA6ZRP3;
				ENABLE_STRICT_OBJC_MSGSEND = YES;
				ENABLE_TESTABILITY = YES;
				ENABLE_USER_SCRIPT_SANDBOXING = YES;
				GCC_C_LANGUAGE_STANDARD = gnu17;
				GCC_DYNAMIC_NO_PIC = NO;
				GCC_NO_COMMON_BLOCKS = YES;
				GCC_OPTIMIZATION_LEVEL = 0;
				GCC_PREPROCESSOR_DEFINITIONS = (
					"DEBUG=1",
					"$(inherited)",
				);
				GCC_WARN_64_TO_32_BIT_CONVERSION = YES;
				GCC_WARN_ABOUT_RETURN_TYPE = YES_ERROR;
				GCC_WARN_UNDECLARED_SELECTOR = YES;
				GCC_WARN_UNINITIALIZED_AUTOS = YES_AGGRESSIVE;
				GCC_WARN_UNUSED_FUNCTION = YES;
				GCC_WARN_UNUSED_VARIABLE = YES;
				IPHONEOS_DEPLOYMENT_TARGET = 18.4;
				LOCALIZATION_PREFERS_STRING_CATALOGS = YES;
				MTL_ENABLE_DEBUG_INFO = INCLUDE_SOURCE;
				MTL_FAST_MATH = YES;
				ONLY_ACTIVE_ARCH = YES;
				SDKROOT = iphoneos;
				SWIFT_ACTIVE_COMPILATION_CONDITIONS = "DEBUG $(inherited)";
				SWIFT_OPTIMIZATION_LEVEL = "-Onone";
			};
			name = Debug;
		};
		6261F2522E61B3B800E3DB14 /* Release */ = {
			isa = XCBuildConfiguration;
			buildSettings = {
				ALWAYS_SEARCH_USER_PATHS = NO;
				ASSETCATALOG_COMPILER_GENERATE_SWIFT_ASSET_SYMBOL_EXTENSIONS = YES;
				CLANG_ANALYZER_NONNULL = YES;
				CLANG_ANALYZER_NUMBER_OBJECT_CONVERSION = YES_AGGRESSIVE;
				CLANG_CXX_LANGUAGE_STANDARD = "gnu++20";
				CLANG_ENABLE_MODULES = YES;
				CLANG_ENABLE_OBJC_ARC = YES;
				CLANG_ENABLE_OBJC_WEAK = YES;
				CLANG_WARN_BLOCK_CAPTURE_AUTORELEASING = YES;
				CLANG_WARN_BOOL_CONVERSION = YES;
				CLANG_WARN_COMMA = YES;
				CLANG_WARN_CONSTANT_CONVERSION = YES;
				CLANG_WARN_DEPRECATED_OBJC_IMPLEMENTATIONS = YES;
				CLANG_WARN_DIRECT_OBJC_ISA_USAGE = YES_ERROR;
				CLANG_WARN_DOCUMENTATION_COMMENTS = YES;
				CLANG_WARN_EMPTY_BODY = YES;
				CLANG_WARN_ENUM_CONVERSION = YES;
				CLANG_WARN_INFINITE_RECURSION = YES;
				CLANG_WARN_INT_CONVERSION = YES;
				CLANG_WARN_NON_LITERAL_NULL_CONVERSION = YES;
				CLANG_WARN_OBJC_IMPLICIT_RETAIN_SELF = YES;
				CLANG_WARN_OBJC_LITERAL_CONVERSION = YES;
				CLANG_WARN_OBJC_ROOT_CLASS = YES_ERROR;
				CLANG_WARN_QUOTED_INCLUDE_IN_FRAMEWORK_HEADER = YES;
				CLANG_WARN_RANGE_LOOP_ANALYSIS = YES;
				CLANG_WARN_STRICT_PROTOTYPES = YES;
				CLANG_WARN_SUSPICIOUS_MOVE = YES;
				CLANG_WARN_UNGUARDED_AVAILABILITY = YES_AGGRESSIVE;
				CLANG_WARN_UNREACHABLE_CODE = YES;
				CLANG_WARN__DUPLICATE_METHOD_MATCH = YES;
				COPY_PHASE_STRIP = NO;
				DEBUG_INFORMATION_FORMAT = "dwarf-with-dsym";
				DEVELOPMENT_TEAM = VGEXA6ZRP3;
				ENABLE_NS_ASSERTIONS = NO;
				ENABLE_STRICT_OBJC_MSGSEND = YES;
				ENABLE_USER_SCRIPT_SANDBOXING = YES;
				GCC_C_LANGUAGE_STANDARD = gnu17;
				GCC_NO_COMMON_BLOCKS = YES;
				GCC_WARN_64_TO_32_BIT_CONVERSION = YES;
				GCC_WARN_ABOUT_RETURN_TYPE = YES_ERROR;
				GCC_WARN_UNDECLARED_SELECTOR = YES;
				GCC_WARN_UNINITIALIZED_AUTOS = YES_AGGRESSIVE;
				GCC_WARN_UNUSED_FUNCTION = YES;
				GCC_WARN_UNUSED_VARIABLE = YES;
				IPHONEOS_DEPLOYMENT_TARGET = 18.4;
				LOCALIZATION_PREFERS_STRING_CATALOGS = YES;
				MTL_ENABLE_DEBUG_INFO = NO;
				MTL_FAST_MATH = YES;
				SDKROOT = iphoneos;
				SWIFT_COMPILATION_MODE = wholemodule;
				VALIDATE_PRODUCT = YES;
			};
			name = Release;
		};
		6261F2542E61B3B800E3DB14 /* Debug */ = {
			isa = XCBuildConfiguration;
			buildSettings = {
				ASSETCATALOG_COMPILER_APPICON_NAME = AppIcon;
				ASSETCATALOG_COMPILER_GLOBAL_ACCENT_COLOR_NAME = AccentColor;
				CODE_SIGN_STYLE = Automatic;
				CURRENT_PROJECT_VERSION = 1;
				DEVELOPMENT_TEAM = VGEXA6ZRP3;
				ENABLE_PREVIEWS = YES;
				GENERATE_INFOPLIST_FILE = YES;
				INFOPLIST_KEY_UIApplicationSceneManifest_Generation = YES;
				INFOPLIST_KEY_UIApplicationSupportsIndirectInputEvents = YES;
				INFOPLIST_KEY_UILaunchScreen_Generation = YES;
				INFOPLIST_KEY_UISupportedInterfaceOrientations_iPad = "UIInterfaceOrientationPortrait UIInterfaceOrientationPortraitUpsideDown UIInterfaceOrientationLandscapeLeft UIInterfaceOrientationLandscapeRight";
				INFOPLIST_KEY_UISupportedInterfaceOrientations_iPhone = "UIInterfaceOrientationPortrait UIInterfaceOrientationLandscapeLeft UIInterfaceOrientationLandscapeRight";
				LD_RUNPATH_SEARCH_PATHS = (
					"$(inherited)",
					"@executable_path/Frameworks",
				);
				MARKETING_VERSION = 1.0;
				PRODUCT_BUNDLE_IDENTIFIER = com.oneshiftapps.TrLOTRConverter;
				PRODUCT_NAME = "$(TARGET_NAME)";
				SWIFT_EMIT_LOC_STRINGS = YES;
				SWIFT_VERSION = 6.0;
				TARGETED_DEVICE_FAMILY = "1,2";
			};
			name = Debug;
		};
		6261F2552E61B3B800E3DB14 /* Release */ = {
			isa = XCBuildConfiguration;
			buildSettings = {
				ASSETCATALOG_COMPILER_APPICON_NAME = AppIcon;
				ASSETCATALOG_COMPILER_GLOBAL_ACCENT_COLOR_NAME = AccentColor;
				CODE_SIGN_STYLE = Automatic;
				CURRENT_PROJECT_VERSION = 1;
				DEVELOPMENT_TEAM = VGEXA6ZRP3;
				ENABLE_PREVIEWS = YES;
				GENERATE_INFOPLIST_FILE = YES;
				INFOPLIST_KEY_UIApplicationSceneManifest_Generation = YES;
				INFOPLIST_KEY_UIApplicationSupportsIndirectInputEvents = YES;
				INFOPLIST_KEY_UILaunchScreen_Generation = YES;
				INFOPLIST_KEY_UISupportedInterfaceOrientations_iPad = "UIInterfaceOrientationPortrait UIInterfaceOrientationPortraitUpsideDown UIInterfaceOrientationLandscapeLeft UIInterfaceOrientationLandscapeRight";
				INFOPLIST_KEY_UISupportedInterfaceOrientations_iPhone = "UIInterfaceOrientationPortrait UIInterfaceOrientationLandscapeLeft UIInterfaceOrientationLandscapeRight";
				LD_RUNPATH_SEARCH_PATHS = (
					"$(inherited)",
					"@executable_path/Frameworks",
				);
				MARKETING_VERSION = 1.0;
				PRODUCT_BUNDLE_IDENTIFIER = com.oneshiftapps.TrLOTRConverter;
				PRODUCT_NAME = "$(TARGET_NAME)";
				SWIFT_EMIT_LOC_STRINGS = YES;
				SWIFT_VERSION = 6.0;
				TARGETED_DEVICE_FAMILY = "1,2";
			};
			name = Release;
		};
		6261F2572E61B3B800E3DB14 /* Debug */ = {
			isa = XCBuildConfiguration;
			buildSettings = {
				BUNDLE_LOADER = "$(TEST_HOST)";
				CODE_SIGN_STYLE = Automatic;
				CURRENT_PROJECT_VERSION = 1;
				DEVELOPMENT_TEAM = VGEXA6ZRP3;
				GENERATE_INFOPLIST_FILE = YES;
				IPHONEOS_DEPLOYMENT_TARGET = 18.4;
				MARKETING_VERSION = 1.0;
				PRODUCT_BUNDLE_IDENTIFIER = com.oneshiftapps.TrLOTRConverterTests;
				PRODUCT_NAME = "$(TARGET_NAME)";
				SWIFT_EMIT_LOC_STRINGS = NO;
				SWIFT_VERSION = 5.0;
				TARGETED_DEVICE_FAMILY = "1,2";
				TEST_HOST = "$(BUILT_PRODUCTS_DIR)/TrLOTRConverter.app/$(BUNDLE_EXECUTABLE_FOLDER_PATH)/TrLOTRConverter";
			};
			name = Debug;
		};
		6261F2582E61B3B800E3DB14 /* Release */ = {
			isa = XCBuildConfiguration;
			buildSettings = {
				BUNDLE_LOADER = "$(TEST_HOST)";
				CODE_SIGN_STYLE = Automatic;
				CURRENT_PROJECT_VERSION = 1;
				DEVELOPMENT_TEAM = VGEXA6ZRP3;
				GENERATE_INFOPLIST_FILE = YES;
				IPHONEOS_DEPLOYMENT_TARGET = 18.4;
				MARKETING_VERSION = 1.0;
				PRODUCT_BUNDLE_IDENTIFIER = com.oneshiftapps.TrLOTRConverterTests;
				PRODUCT_NAME = "$(TARGET_NAME)";
				SWIFT_EMIT_LOC_STRINGS = NO;
				SWIFT_VERSION = 5.0;
				TARGETED_DEVICE_FAMILY = "1,2";
				TEST_HOST = "$(BUILT_PRODUCTS_DIR)/TrLOTRConverter.app/$(BUNDLE_EXECUTABLE_FOLDER_PATH)/TrLOTRConverter";
			};
			name = Release;
		};
		6261F25A2E61B3B800E3DB14 /* Debug */ = {
			isa = XCBuildConfiguration;
			buildSettings = {
				CODE_SIGN_STYLE = Automatic;
				CURRENT_PROJECT_VERSION = 1;
				DEVELOPMENT_TEAM = VGEXA6ZRP3;
				GENERATE_INFOPLIST_FILE = YES;
				MARKETING_VERSION = 1.0;
				PRODUCT_BUNDLE_IDENTIFIER = com.oneshiftapps.TrLOTRConverterUITests;
				PRODUCT_NAME = "$(TARGET_NAME)";
				SWIFT_EMIT_LOC_STRINGS = NO;
				SWIFT_VERSION = 5.0;
				TARGETED_DEVICE_FAMILY = "1,2";
				TEST_TARGET_NAME = TrLOTRConverter;
			};
			name = Debug;
		};
		6261F25B2E61B3B800E3DB14 /* Release */ = {
			isa = XCBuildConfiguration;
			buildSettings = {
				CODE_SIGN_STYLE = Automatic;
				CURRENT_PROJECT_VERSION = 1;
				DEVELOPMENT_TEAM = VGEXA6ZRP3;
				GENERATE_INFOPLIST_FILE = YES;
				MARKETING_VERSION = 1.0;
				PRODUCT_BUNDLE_IDENTIFIER = com.oneshiftapps.TrLOTRConverterUITests;
				PRODUCT_NAME = "$(TARGET_NAME)";
				SWIFT_EMIT_LOC_STRINGS = NO;
				SWIFT_VERSION = 5.0;
				TARGETED_DEVICE_FAMILY = "1,2";
				TEST_TARGET_NAME = TrLOTRConverter;
			};
			name = Release;
		};
/* End XCBuildConfiguration section */

/* Begin XCConfigurationList section */
		6261F22D2E61B3B500E3DB14 /* Build configuration list for PBXProject "TrLOTRConverter" */ = {
			isa = XCConfigurationList;
			buildConfigurations = (
				6261F2512E61B3B800E3DB14 /* Debug */,
				6261F2522E61B3B800E3DB14 /* Release */,
			);
			defaultConfigurationIsVisible = 0;
			defaultConfigurationName = Release;
		};
		6261F2532E61B3B800E3DB14 /* Build configuration list for PBXNativeTarget "TrLOTRConverter" */ = {
			isa = XCConfigurationList;
			buildConfigurations = (
				6261F2542E61B3B800E3DB14 /* Debug */,
				6261F2552E61B3B800E3DB14 /* Release */,
			);
			defaultConfigurationIsVisible = 0;
			defaultConfigurationName = Release;
		};
		6261F2562E61B3B800E3DB14 /* Build configuration list for PBXNativeTarget "TrLOTRConverterTests" */ = {
			isa = XCConfigurationList;
			buildConfigurations = (
				6261F2572E61B3B800E3DB14 /* Debug */,
				6261F2582E61B3B800E3DB14 /* Release */,
			);
			defaultConfigurationIsVisible = 0;
			defaultConfigurationName = Release;
		};
		6261F2592E61B3B800E3DB14 /* Build configuration list for PBXNativeTarget "TrLOTRConverterUITests" */ = {
			isa = XCConfigurationList;
			buildConfigurations = (
				6261F25A2E61B3B800E3DB14 /* Debug */,
				6261F25B2E61B3B800E3DB14 /* Release */,
			);
			defaultConfigurationIsVisible = 0;
			defaultConfigurationName = Release;
		};
/* End XCConfigurationList section */
	};
	rootObject = 6261F22A2E61B3B500E3DB14 /* Project object */;
}
